
Microsoft Visual Studio Solution File, Format Version 12.00
# Visual Studio Version 17
VisualStudioVersion = 17.3.32922.545
MinimumVisualStudioVersion = 10.0.40219.1
Project("{FAE04EC0-301F-11D3-BF4B-00C04F79EFBC}") = "CKEditor5", "CKEditor5\CKEditor5.csproj", "{0044DD68-C6F7-419E-BD98-51AF58C088EF}"
EndProject
Global
	GlobalSection(SolutionConfigurationPlatforms) = preSolution
		Debug|Any CPU = Debug|Any CPU
		Release|Any CPU = Release|Any CPU
	EndGlobalSection
	GlobalSection(ProjectConfigurationPlatforms) = postSolution
		{0044DD68-C6F7-419E-BD98-51AF58C088EF}.Debug|Any CPU.ActiveCfg = Debug|Any CPU
		{0044DD68-C6F7-419E-BD98-51AF58C088EF}.Debug|Any CPU.Build.0 = Debug|Any CPU
		{0044DD68-C6F7-419E-BD98-51AF58C088EF}.Release|Any CPU.ActiveCfg = Release|Any CPU
		{0044DD68-C6F7-419E-BD98-51AF58C088EF}.Release|Any CPU.Build.0 = Release|Any CPU
	EndGlobalSection
	GlobalSection(SolutionProperties) = preSolution
		HideSolutionNode = FALSE
	EndGlobalSection
	GlobalSection(ExtensibilityGlobals) = postSolution
		SolutionGuid = {6C25ECFB-7C37-4721-AF25-820D1A184865}
	EndGlobalSection
EndGlobal
